
Microsoft Visual Studio Solution File, Format Version 12.00
# Visual Studio Version 17
VisualStudioVersion = 17.4.33213.308
MinimumVisualStudioVersion = 10.0.40219.1
Project("{FAE04EC0-301F-11D3-BF4B-00C04F79EFBC}") = "myParams", "myParams.csproj", "{4036FC5A-F48A-4EAF-B833-ABF183D81B71}"
EndProject
Global
	GlobalSection(SolutionConfigurationPlatforms) = preSolution
		Debug|Any CPU = Debug|Any CPU
		Release|Any CPU = Release|Any CPU
	EndGlobalSection
	GlobalSection(ProjectConfigurationPlatforms) = postSolution
		{4036FC5A-F48A-4EAF-B833-ABF183D81B71}.Debug|Any CPU.ActiveCfg = Debug|Any CPU
		{4036FC5A-F48A-4EAF-B833-ABF183D81B71}.Debug|Any CPU.Build.0 = Debug|Any CPU
		{4036FC5A-F48A-4EAF-B833-ABF183D81B71}.Release|Any CPU.ActiveCfg = Release|Any CPU
		{4036FC5A-F48A-4EAF-B833-ABF183D81B71}.Release|Any CPU.Build.0 = Release|Any CPU
	EndGlobalSection
	GlobalSection(SolutionProperties) = preSolution
		HideSolutionNode = FALSE
	EndGlobalSection
	GlobalSection(ExtensibilityGlobals) = postSolution
		SolutionGuid = {9F0A1AC6-D443-4C9C-B786-32E008113D70}
	EndGlobalSection
EndGlobal
