
Microsoft Visual Studio Solution File, Format Version 12.00
# Visual Studio Version 17
VisualStudioVersion = 17.4.33213.308
MinimumVisualStudioVersion = 10.0.40219.1
Project("{FAE04EC0-301F-11D3-BF4B-00C04F79EFBC}") = "FunWithMusic", "FunWithMusic.csproj", "{ED1DECBE-200B-4842-8AC6-20E1F8AC73BA}"
EndProject
Global
	GlobalSection(SolutionConfigurationPlatforms) = preSolution
		Debug|Any CPU = Debug|Any CPU
		Release|Any CPU = Release|Any CPU
	EndGlobalSection
	GlobalSection(ProjectConfigurationPlatforms) = postSolution
		{ED1DECBE-200B-4842-8AC6-20E1F8AC73BA}.Debug|Any CPU.ActiveCfg = Debug|Any CPU
		{ED1DECBE-200B-4842-8AC6-20E1F8AC73BA}.Debug|Any CPU.Build.0 = Debug|Any CPU
		{ED1DECBE-200B-4842-8AC6-20E1F8AC73BA}.Release|Any CPU.ActiveCfg = Release|Any CPU
		{ED1DECBE-200B-4842-8AC6-20E1F8AC73BA}.Release|Any CPU.Build.0 = Release|Any CPU
	EndGlobalSection
	GlobalSection(SolutionProperties) = preSolution
		HideSolutionNode = FALSE
	EndGlobalSection
	GlobalSection(ExtensibilityGlobals) = postSolution
		SolutionGuid = {E9E3144B-0532-4967-9CEA-BAD879583CCF}
	EndGlobalSection
EndGlobal
